{
  "nodes": {
    "nixShells": {
      "inputs": {
        "nixpkgs": [
          "nixpkgs"
        ],
        "rust-overlay": "rust-overlay"
      },
      "locked": {
        "path": "./nix",
        "type": "path"
      },
      "original": {
        "path": "./nix",
        "type": "path"
      },
      "parent": []
    },
    "nixpkgs": {
      "locked": {
        "lastModified": 1781268102,
        "narHash": "sha256-Zn5KTggEmUB3lXn/ccERNcBdddE6IaOFber9dWViWDg=",
        "owner": "NixOS",
        "repo": "nixpkgs",
        "rev": "49a4bd0573c376468dd7996ddb6f9fa31d8c4d97",
        "type": "github"
      },
      "original": {
        "owner": "NixOS",
        "ref": "nixpkgs-unstable",
        "repo": "nixpkgs",
        "type": "github"
      }
    },
    "root": {
      "inputs": {
        "nixShells": "nixShells",
        "nixpkgs": "nixpkgs"
      }
    },
    "rust-overlay": {
      "inputs": {
        "nixpkgs": [
          "nixShells",
          "nixpkgs"
        ]
      },
      "locked": {
        "lastModified": 1781850613,
        "narHash": "sha256-UL/f++6fbg1MSC63NSynUVsww+DSay0N5TsbFzLZIsQ=",
        "owner": "oxalica",
        "repo": "rust-overlay",
        "rev": "4baecb43a008cd004e5220a777e1724bd8d43e43",
        "type": "github"
      },
      "original": {
        "owner": "oxalica",
        "repo": "rust-overlay",
        "type": "github"
      }
    }
  },
  "root": "root",
  "version": 7
}
