{
  "name": "@xonovex/agent-cli-go-darwin-x64",
  "version": "0.1.20",
  "lockfileVersion": 3,
  "requires": true,
  "packages": {
    "": {
      "name": "@xonovex/agent-cli-go-darwin-x64",
      "version": "0.1.20",
      "cpu": [
        "x64"
      ],
      "license": "MIT",
      "os": [
        "darwin"
      ]
    }
  }
}
