{
  "name": "xonovex-devcontainer-tools",
  "lockfileVersion": 3,
  "requires": true,
  "packages": {
    "": {
      "name": "xonovex-devcontainer-tools",
      "dependencies": {
        "@anthropic-ai/claude-code": "2.1.211",
        "@moonrepo/cli": "2.4.5"
      }
    },
    "node_modules/@anthropic-ai/claude-code": {
      "version": "2.1.211",
      "resolved": "https://registry.npmjs.org/@anthropic-ai/claude-code/-/claude-code-2.1.211.tgz",
      "integrity": "sha512-yGhXSF9YfHoVGe0S6N9ky5uajx79f+vt6ZT3HhBJLFSjJtiGEs67H0h93iTdOvPU/wOffijpTUAn76U/+vQnTQ==",
      "hasInstallScript": true,
      "license": "SEE LICENSE IN README.md",
      "bin": {
        "claude": "bin/claude.exe"
      },
      "engines": {
        "node": ">=22.0.0"
      },
      "optionalDependencies": {
        "@anthropic-ai/claude-code-darwin-arm64": "2.1.211",
        "@anthropic-ai/claude-code-darwin-x64": "2.1.211",
        "@anthropic-ai/claude-code-linux-arm64": "2.1.211",
        "@anthropic-ai/claude-code-linux-arm64-musl": "2.1.211",
        "@anthropic-ai/claude-code-linux-x64": "2.1.211",
        "@anthropic-ai/claude-code-linux-x64-musl": "2.1.211",
        "@anthropic-ai/claude-code-win32-arm64": "2.1.211",
        "@anthropic-ai/claude-code-win32-x64": "2.1.211"
      }
    },
    "node_modules/@anthropic-ai/claude-code-darwin-arm64": {
      "version": "2.1.211",
      "resolved": "https://registry.npmjs.org/@anthropic-ai/claude-code-darwin-arm64/-/claude-code-darwin-arm64-2.1.211.tgz",
      "integrity": "sha512-ogsLXqbHlHSFE9ApgpoeoP6wXJKkcUyYM4f8rrAbTvQStvqQ/bpHLV5mgbuEGn/N9NPWBQt826bfH/XvlYi0kg==",
      "cpu": [
        "arm64"
      ],
      "license": "SEE LICENSE IN LICENSE.md",
      "optional": true,
      "os": [
        "darwin"
      ]
    },
    "node_modules/@anthropic-ai/claude-code-darwin-x64": {
      "version": "2.1.211",
      "resolved": "https://registry.npmjs.org/@anthropic-ai/claude-code-darwin-x64/-/claude-code-darwin-x64-2.1.211.tgz",
      "integrity": "sha512-t3AgChHNAe6Djp//73U6SoeRbmc2A/ia6FHU3gJuMyvCeQ8I9c5PvXOhs2p37H0+bYiJMoXxI6MdmY9sPEFa8g==",
      "cpu": [
        "x64"
      ],
      "license": "SEE LICENSE IN LICENSE.md",
      "optional": true,
      "os": [
        "darwin"
      ]
    },
    "node_modules/@anthropic-ai/claude-code-linux-arm64": {
      "version": "2.1.211",
      "resolved": "https://registry.npmjs.org/@anthropic-ai/claude-code-linux-arm64/-/claude-code-linux-arm64-2.1.211.tgz",
      "integrity": "sha512-ZPthYxltbqA87X/avbAHA0XVPuFuqoNrXKRmx0G0qfwEuyyloVKdaUsY1AEbFXQIRJYKZZ8UvMklD2jvm9+etA==",
      "cpu": [
        "arm64"
      ],
      "libc": [
        "glibc"
      ],
      "license": "SEE LICENSE IN LICENSE.md",
      "optional": true,
      "os": [
        "linux"
      ]
    },
    "node_modules/@anthropic-ai/claude-code-linux-arm64-musl": {
      "version": "2.1.211",
      "resolved": "https://registry.npmjs.org/@anthropic-ai/claude-code-linux-arm64-musl/-/claude-code-linux-arm64-musl-2.1.211.tgz",
      "integrity": "sha512-H+bWsWlWGfX3tJqorc5OjZqdL9XGiXvSoYqsGS3HDSfYzI7fc4JnbBdfqHbn8Ais95oHtFub/hZqB+7QpEIqbw==",
      "cpu": [
        "arm64"
      ],
      "libc": [
        "musl"
      ],
      "license": "SEE LICENSE IN LICENSE.md",
      "optional": true,
      "os": [
        "linux"
      ]
    },
    "node_modules/@anthropic-ai/claude-code-linux-x64": {
      "version": "2.1.211",
      "resolved": "https://registry.npmjs.org/@anthropic-ai/claude-code-linux-x64/-/claude-code-linux-x64-2.1.211.tgz",
      "integrity": "sha512-4pkPaBfqEV9crnWW8UGNclUTMsLu2nGBgqkc4ZDkuyPIIf2WHk+ln/kQTHI6LFqYaeMxTkqq8cnJXI1AtJCLrQ==",
      "cpu": [
        "x64"
      ],
      "libc": [
        "glibc"
      ],
      "license": "SEE LICENSE IN LICENSE.md",
      "optional": true,
      "os": [
        "linux"
      ]
    },
    "node_modules/@anthropic-ai/claude-code-linux-x64-musl": {
      "version": "2.1.211",
      "resolved": "https://registry.npmjs.org/@anthropic-ai/claude-code-linux-x64-musl/-/claude-code-linux-x64-musl-2.1.211.tgz",
      "integrity": "sha512-IFTjeLygBjnCJtkw3Uj6ksFdDUTmzWJM7lFhoElReWaWIF/pkfz4/Y7h4allKTqBTfhtP7VyB+oNM42XOjVLJg==",
      "cpu": [
        "x64"
      ],
      "libc": [
        "musl"
      ],
      "license": "SEE LICENSE IN LICENSE.md",
      "optional": true,
      "os": [
        "linux"
      ]
    },
    "node_modules/@anthropic-ai/claude-code-win32-arm64": {
      "version": "2.1.211",
      "resolved": "https://registry.npmjs.org/@anthropic-ai/claude-code-win32-arm64/-/claude-code-win32-arm64-2.1.211.tgz",
      "integrity": "sha512-W04nNnYZl54o5Dmr69nSCz9aEG3TIw4Vr2nmeNQcqJjIzHTy19xmXKbioY25yCHQgrHe/AHMVMzWneAp8yylPw==",
      "cpu": [
        "arm64"
      ],
      "license": "SEE LICENSE IN LICENSE.md",
      "optional": true,
      "os": [
        "win32"
      ]
    },
    "node_modules/@anthropic-ai/claude-code-win32-x64": {
      "version": "2.1.211",
      "resolved": "https://registry.npmjs.org/@anthropic-ai/claude-code-win32-x64/-/claude-code-win32-x64-2.1.211.tgz",
      "integrity": "sha512-/pXHWP02ni+xM37QP0Yrn0rG3K2MKq47nxB5xuUrMirpQG1zA5orFtCiP4hmQaiYICRgW39ZmQdEQpsvt2t+pg==",
      "cpu": [
        "x64"
      ],
      "license": "SEE LICENSE IN LICENSE.md",
      "optional": true,
      "os": [
        "win32"
      ]
    },
    "node_modules/@moonrepo/cli": {
      "version": "2.4.5",
      "resolved": "https://registry.npmjs.org/@moonrepo/cli/-/cli-2.4.5.tgz",
      "integrity": "sha512-AYdIBRpdTwhzfDgGcFzHexiIMEDxiQoUUmlwcajA64NaLglFM3D4pRv5ZmbR1cK+qMm+szwYCK6lnFJ1l57hOw==",
      "license": "MIT",
      "dependencies": {
        "detect-libc": "^2.1.2"
      },
      "bin": {
        "moon": "moon.js",
        "moonx": "moonx.js"
      },
      "optionalDependencies": {
        "@moonrepo/core-linux-arm64-gnu": "2.4.5",
        "@moonrepo/core-linux-arm64-musl": "2.4.5",
        "@moonrepo/core-linux-x64-gnu": "2.4.5",
        "@moonrepo/core-linux-x64-musl": "2.4.5",
        "@moonrepo/core-macos-arm64": "2.4.5",
        "@moonrepo/core-macos-x64": "2.4.5",
        "@moonrepo/core-windows-x64-msvc": "2.4.5"
      }
    },
    "node_modules/@moonrepo/core-linux-arm64-gnu": {
      "version": "2.4.5",
      "resolved": "https://registry.npmjs.org/@moonrepo/core-linux-arm64-gnu/-/core-linux-arm64-gnu-2.4.5.tgz",
      "integrity": "sha512-pvcANFo5cYvRlT4pFkwd3qaB536mLoTkaXH+PQeGj+Ox0be3Nfk3xZ9tlisD/OENLsy17vLHifqbJaRY28kkTQ==",
      "cpu": [
        "arm64"
      ],
      "libc": [
        "glibc"
      ],
      "license": "MIT",
      "optional": true,
      "os": [
        "linux"
      ]
    },
    "node_modules/@moonrepo/core-linux-arm64-musl": {
      "version": "2.4.5",
      "resolved": "https://registry.npmjs.org/@moonrepo/core-linux-arm64-musl/-/core-linux-arm64-musl-2.4.5.tgz",
      "integrity": "sha512-s+HIrTMgUt6ekQSmOSJRzDguTxWWYmceMZOGe01wEx6U5a/cka8qJKWjKet2Wgs3sub0GGHguLZcCCVyPW79LA==",
      "cpu": [
        "arm64"
      ],
      "libc": [
        "musl"
      ],
      "license": "MIT",
      "optional": true,
      "os": [
        "linux"
      ]
    },
    "node_modules/@moonrepo/core-linux-x64-gnu": {
      "version": "2.4.5",
      "resolved": "https://registry.npmjs.org/@moonrepo/core-linux-x64-gnu/-/core-linux-x64-gnu-2.4.5.tgz",
      "integrity": "sha512-ZOR9EbKuFA40xZeJ4wIAAJRpjin/Vz9uxNDAywYvPw3Uzx1K+m4VeZVuc/0V8x/jWd+UeXB4yKUCDPZG/7UPnQ==",
      "cpu": [
        "x64"
      ],
      "libc": [
        "glibc"
      ],
      "license": "MIT",
      "optional": true,
      "os": [
        "linux"
      ]
    },
    "node_modules/@moonrepo/core-linux-x64-musl": {
      "version": "2.4.5",
      "resolved": "https://registry.npmjs.org/@moonrepo/core-linux-x64-musl/-/core-linux-x64-musl-2.4.5.tgz",
      "integrity": "sha512-ocJQvGay5A47pxnM+gY9u//UQWHuLVh1h+mQwOU6gFIY49vyJvPuth6e7Tz3kxnnzTE7Fq1N7AbUV5XpN59JTA==",
      "cpu": [
        "x64"
      ],
      "libc": [
        "musl"
      ],
      "license": "MIT",
      "optional": true,
      "os": [
        "linux"
      ]
    },
    "node_modules/@moonrepo/core-macos-arm64": {
      "version": "2.4.5",
      "resolved": "https://registry.npmjs.org/@moonrepo/core-macos-arm64/-/core-macos-arm64-2.4.5.tgz",
      "integrity": "sha512-D4EBmxvISKzeR42wzLFfU9Kl0Eg3f8XDxRo9IdQn7cwFx3s4IMhEdoIm0MWmy9w9hYvRCwNIDTZT7U+fuFqOVg==",
      "cpu": [
        "arm64"
      ],
      "license": "MIT",
      "optional": true,
      "os": [
        "darwin"
      ]
    },
    "node_modules/@moonrepo/core-macos-x64": {
      "version": "2.4.5",
      "resolved": "https://registry.npmjs.org/@moonrepo/core-macos-x64/-/core-macos-x64-2.4.5.tgz",
      "integrity": "sha512-Ovt7YFiTLWdy+s3RL/PEQxVOMsMgk+f8AIKoJT++aA3HiyM+R46jJ9LgGVq0IjcMOlgAoI07bKRRS0Gd2YFeMQ==",
      "cpu": [
        "x64"
      ],
      "license": "MIT",
      "optional": true,
      "os": [
        "darwin"
      ]
    },
    "node_modules/@moonrepo/core-windows-x64-msvc": {
      "version": "2.4.5",
      "resolved": "https://registry.npmjs.org/@moonrepo/core-windows-x64-msvc/-/core-windows-x64-msvc-2.4.5.tgz",
      "integrity": "sha512-4GS+vVCpBuOCAai+G2vIOM13AmIHAMJ7rFRhodanYBuZqfQgPzxEJd1q4nGac25gsbtv85kGy2idaf93D2v6Jg==",
      "cpu": [
        "x64"
      ],
      "license": "MIT",
      "optional": true,
      "os": [
        "win32"
      ]
    },
    "node_modules/detect-libc": {
      "version": "2.1.2",
      "resolved": "https://registry.npmjs.org/detect-libc/-/detect-libc-2.1.2.tgz",
      "integrity": "sha512-Btj2BOOO83o3WyH59e8MgXsxEQVcarkUOpEYrubB0urwnN10yQ364rsiByU11nZlqWYZm05i/of7io4mzihBtQ==",
      "license": "Apache-2.0",
      "engines": {
        "node": ">=8"
      }
    }
  }
}
